schema: '2.0'
stages:
  LINEAR:
    cmd: ipython src/LINEAR.ipynb
    deps:
    - path: src/LINEAR.ipynb
      hash: md5
      md5: 413bbfbc5204a01c959cbd70938fb3a8
      size: 24377
  SIGMODE:
    cmd: ipython src/SIGMOID.ipynb
    deps:
    - path: src/SIGMOID.ipynb
      hash: md5
      md5: 1bc04d39661daca8859947c1ace8edfb
      size: 26205
  TANH:
    cmd: ipython src/TANH.ipynb
    deps:
    - path: src/TANH.ipynb
      hash: md5
      md5: 4375bb9ae3fda25f8868037aa67528a7
      size: 38630
  1_Neural:
    cmd: ipython src/1_Neural.ipynb data/Iris.csv
    deps:
    - path: data/Iris.csv
      hash: md5
      md5: 717820ef0af287ff346c5cabfb4c612c
      size: 5107
    - path: src/1_Neural.ipynb
      hash: md5
      md5: d14a77fbe18863507affd7366bfcfe8c
      size: 446862
